{
  "pins" : [
    {
      "identity" : "swiftsoup",
      "kind" : "remoteSourceControl",
      "location" : "https://github.com/scinfu/SwiftSoup.git",
      "state" : {
        "revision" : "dee225a3da7b68d34936abc4dc8f34f2264db647",
        "version" : "2.9.6"
      }
    }
  ],
  "version" : 2
}